
Microsoft Visual Studio Solution File, Format Version 12.00
# Visual Studio Version 17
VisualStudioVersion = 17.7.34221.43
MinimumVisualStudioVersion = 10.0.40219.1
Project("{8BC9CEB8-8B4A-11D0-8D11-00A0C91BC942}") = "cpp_appl_131", "cpp_appl_131.vcxproj", "{E4CBD915-3908-4298-AE20-2155CD184108}"
EndProject
Global
	GlobalSection(SolutionConfigurationPlatforms) = preSolution
		Debug|x64 = Debug|x64
		Debug|x86 = Debug|x86
		Release|x64 = Release|x64
		Release|x86 = Release|x86
	EndGlobalSection
	GlobalSection(ProjectConfigurationPlatforms) = postSolution
		{E4CBD915-3908-4298-AE20-2155CD184108}.Debug|x64.ActiveCfg = Debug|x64
		{E4CBD915-3908-4298-AE20-2155CD184108}.Debug|x64.Build.0 = Debug|x64
		{E4CBD915-3908-4298-AE20-2155CD184108}.Debug|x86.ActiveCfg = Debug|Win32
		{E4CBD915-3908-4298-AE20-2155CD184108}.Debug|x86.Build.0 = Debug|Win32
		{E4CBD915-3908-4298-AE20-2155CD184108}.Release|x64.ActiveCfg = Release|x64
		{E4CBD915-3908-4298-AE20-2155CD184108}.Release|x64.Build.0 = Release|x64
		{E4CBD915-3908-4298-AE20-2155CD184108}.Release|x86.ActiveCfg = Release|Win32
		{E4CBD915-3908-4298-AE20-2155CD184108}.Release|x86.Build.0 = Release|Win32
	EndGlobalSection
	GlobalSection(SolutionProperties) = preSolution
		HideSolutionNode = FALSE
	EndGlobalSection
	GlobalSection(ExtensibilityGlobals) = postSolution
		SolutionGuid = {8BC5EAAA-AC81-4351-AC2A-04DA95576471}
	EndGlobalSection
EndGlobal
